
Microsoft Visual Studio Solution File, Format Version 12.00
# Visual Studio Version 17
VisualStudioVersion = 17.10.35004.147
MinimumVisualStudioVersion = 10.0.40219.1
Project("{FAE04EC0-301F-11D3-BF4B-00C04F79EFBC}") = "MedGearMart", "MedGearMart\MedGearMart.csproj", "{B60B8B34-B2F8-463A-B023-36539561F341}"
EndProject
Global
	GlobalSection(SolutionConfigurationPlatforms) = preSolution
		Debug|Any CPU = Debug|Any CPU
		Release|Any CPU = Release|Any CPU
	EndGlobalSection
	GlobalSection(ProjectConfigurationPlatforms) = postSolution
		{B60B8B34-B2F8-463A-B023-36539561F341}.Debug|Any CPU.ActiveCfg = Debug|Any CPU
		{B60B8B34-B2F8-463A-B023-36539561F341}.Debug|Any CPU.Build.0 = Debug|Any CPU
		{B60B8B34-B2F8-463A-B023-36539561F341}.Release|Any CPU.ActiveCfg = Release|Any CPU
		{B60B8B34-B2F8-463A-B023-36539561F341}.Release|Any CPU.Build.0 = Release|Any CPU
	EndGlobalSection
	GlobalSection(SolutionProperties) = preSolution
		HideSolutionNode = FALSE
	EndGlobalSection
	GlobalSection(ExtensibilityGlobals) = postSolution
		SolutionGuid = {30524411-F9AC-43C7-8DF0-825E6EC4E950}
	EndGlobalSection
EndGlobal
